
Microsoft Visual Studio Solution File, Format Version 12.00
# Visual Studio 14
VisualStudioVersion = 14.0.25420.1
MinimumVisualStudioVersion = 10.0.40219.1
Project("{FAE04EC0-301F-11D3-BF4B-00C04F79EFBC}") = "R.DAL", "DAL\R.DAL.csproj", "{FF26B176-D6DB-4A12-8B98-B6BF0507DD7F}"
EndProject
Project("{FAE04EC0-301F-11D3-BF4B-00C04F79EFBC}") = "R.BAL", "BAL\R.BAL.csproj", "{29438B5A-E05C-44B8-9EB7-2BA7EA49E905}"
EndProject
Project("{FAE04EC0-301F-11D3-BF4B-00C04F79EFBC}") = "R.BusinessEntities", "BusinessEntities\R.BusinessEntities.csproj", "{C0391588-5534-474B-B060-820A1BA35B94}"
EndProject
Project("{FAE04EC0-301F-11D3-BF4B-00C04F79EFBC}") = "R.Resolver", "Resolver\R.Resolver.csproj", "{A932C5EA-03F1-429F-8CE7-9B71FE7D5580}"
EndProject
Project("{2150E333-8FDC-42A3-9474-1A3956D46DE8}") = ".nuget", ".nuget", "{427DCDD0-584B-4A56-B8F0-66D5491DC599}"
	ProjectSection(SolutionItems) = preProject
		.nuget\NuGet.Config = .nuget\NuGet.Config
		.nuget\NuGet.exe = .nuget\NuGet.exe
		.nuget\NuGet.targets = .nuget\NuGet.targets
	EndProjectSection
EndProject
Project("{FAE04EC0-301F-11D3-BF4B-00C04F79EFBC}") = "Services2", "serviceng2\Services2.csproj", "{42DF3641-BC93-465D-82B4-3AEEBD35AD79}"
EndProject
Project("{FAE04EC0-301F-11D3-BF4B-00C04F79EFBC}") = "crudgenerator", "crudgenerator\crudgenerator.csproj", "{879C5244-0934-4F83-B0A3-B14AECDC0486}"
EndProject
Global
	GlobalSection(SolutionConfigurationPlatforms) = preSolution
		Debug|Any CPU = Debug|Any CPU
		Release|Any CPU = Release|Any CPU
	EndGlobalSection
	GlobalSection(ProjectConfigurationPlatforms) = postSolution
		{FF26B176-D6DB-4A12-8B98-B6BF0507DD7F}.Debug|Any CPU.ActiveCfg = Debug|Any CPU
		{FF26B176-D6DB-4A12-8B98-B6BF0507DD7F}.Debug|Any CPU.Build.0 = Debug|Any CPU
		{FF26B176-D6DB-4A12-8B98-B6BF0507DD7F}.Release|Any CPU.ActiveCfg = Release|Any CPU
		{FF26B176-D6DB-4A12-8B98-B6BF0507DD7F}.Release|Any CPU.Build.0 = Release|Any CPU
		{29438B5A-E05C-44B8-9EB7-2BA7EA49E905}.Debug|Any CPU.ActiveCfg = Debug|Any CPU
		{29438B5A-E05C-44B8-9EB7-2BA7EA49E905}.Debug|Any CPU.Build.0 = Debug|Any CPU
		{29438B5A-E05C-44B8-9EB7-2BA7EA49E905}.Release|Any CPU.ActiveCfg = Release|Any CPU
		{29438B5A-E05C-44B8-9EB7-2BA7EA49E905}.Release|Any CPU.Build.0 = Release|Any CPU
		{C0391588-5534-474B-B060-820A1BA35B94}.Debug|Any CPU.ActiveCfg = Debug|Any CPU
		{C0391588-5534-474B-B060-820A1BA35B94}.Debug|Any CPU.Build.0 = Debug|Any CPU
		{C0391588-5534-474B-B060-820A1BA35B94}.Release|Any CPU.ActiveCfg = Release|Any CPU
		{C0391588-5534-474B-B060-820A1BA35B94}.Release|Any CPU.Build.0 = Release|Any CPU
		{A932C5EA-03F1-429F-8CE7-9B71FE7D5580}.Debug|Any CPU.ActiveCfg = Debug|Any CPU
		{A932C5EA-03F1-429F-8CE7-9B71FE7D5580}.Debug|Any CPU.Build.0 = Debug|Any CPU
		{A932C5EA-03F1-429F-8CE7-9B71FE7D5580}.Release|Any CPU.ActiveCfg = Release|Any CPU
		{A932C5EA-03F1-429F-8CE7-9B71FE7D5580}.Release|Any CPU.Build.0 = Release|Any CPU
		{42DF3641-BC93-465D-82B4-3AEEBD35AD79}.Debug|Any CPU.ActiveCfg = Debug|Any CPU
		{42DF3641-BC93-465D-82B4-3AEEBD35AD79}.Debug|Any CPU.Build.0 = Debug|Any CPU
		{42DF3641-BC93-465D-82B4-3AEEBD35AD79}.Release|Any CPU.ActiveCfg = Release|Any CPU
		{42DF3641-BC93-465D-82B4-3AEEBD35AD79}.Release|Any CPU.Build.0 = Release|Any CPU
		{879C5244-0934-4F83-B0A3-B14AECDC0486}.Debug|Any CPU.ActiveCfg = Debug|Any CPU
		{879C5244-0934-4F83-B0A3-B14AECDC0486}.Debug|Any CPU.Build.0 = Debug|Any CPU
		{879C5244-0934-4F83-B0A3-B14AECDC0486}.Release|Any CPU.ActiveCfg = Release|Any CPU
		{879C5244-0934-4F83-B0A3-B14AECDC0486}.Release|Any CPU.Build.0 = Release|Any CPU
	EndGlobalSection
	GlobalSection(SolutionProperties) = preSolution
		HideSolutionNode = FALSE
	EndGlobalSection
EndGlobal
